// !$*UTF8*$!
{
	archiveVersion = 1;
	classes = {
	};
	objectVersion = 55;
	objects = {

/* Begin PBXBuildFile section */
		C443CD9F2A7BCE2100ED417F /* CustomView.swift in Sources */ = {isa = PBXBuildFile; fileRef = C443CD9E2A7BCE2100ED417F /* CustomView.swift */; };
		C443CDA02A7BEB9100ED417F /* Extensions.swift in Sources */ = {isa = PBXBuildFile; fileRef = C4C7A7F828A65926001CB803 /* Extensions.swift */; };
		C443CDA12A7BEB9600ED417F /* CustomView.swift in Sources */ = {isa = PBXBuildFile; fileRef = C443CD9E2A7BCE2100ED417F /* CustomView.swift */; };
		C448E69E2A75B55E00A18EBE /* FilmView.swift in Sources */ = {isa = PBXBuildFile; fileRef = C448E69D2A75B55E00A18EBE /* FilmView.swift */; };
		C448E6A02A75B56F00A18EBE /* StorageView.swift in Sources */ = {isa = PBXBuildFile; fileRef = C448E69F2A75B56F00A18EBE /* StorageView.swift */; };
		C448E6AD2A75BC4100A18EBE /* Utente.swift in Sources */ = {isa = PBXBuildFile; fileRef = C4C7A7FA28A65926001CB803 /* Utente.swift */; };
		C448E6AF2A75BC4100A18EBE /* Film.swift in Sources */ = {isa = PBXBuildFile; fileRef = C4C7A7F928A65926001CB803 /* Film.swift */; };
		C448E6B02A75BC4100A18EBE /* LoginView.swift in Sources */ = {isa = PBXBuildFile; fileRef = C4C7A80728A9037A001CB803 /* LoginView.swift */; };
		C448E6B12A75BC4100A18EBE /* HomeProtocol.swift in Sources */ = {isa = PBXBuildFile; fileRef = C4D1504C2A18E0FC00186D06 /* HomeProtocol.swift */; };
		C448E6B22A75BC4100A18EBE /* Enum.swift in Sources */ = {isa = PBXBuildFile; fileRef = C4AB776A2961D13900BE9346 /* Enum.swift */; };
		C448E6B32A75BC4100A18EBE /* UploadFilmView.swift in Sources */ = {isa = PBXBuildFile; fileRef = C4D634672A72A45900B54E1C /* UploadFilmView.swift */; };
		C448E6B42A75BC4100A18EBE /* HomeView.swift in Sources */ = {isa = PBXBuildFile; fileRef = C433B0682A72ADC700A0CA1E /* HomeView.swift */; };
		C448E6B52A75BC4100A18EBE /* FilmView.swift in Sources */ = {isa = PBXBuildFile; fileRef = C448E69D2A75B55E00A18EBE /* FilmView.swift */; };
		C448E6B62A75BC4100A18EBE /* ContentView.swift in Sources */ = {isa = PBXBuildFile; fileRef = C4C7A7D328A528EB001CB803 /* ContentView.swift */; };
		C448E6B72A75BC4100A18EBE /* LoginViewModel.swift in Sources */ = {isa = PBXBuildFile; fileRef = C4C7A80528A902C9001CB803 /* LoginViewModel.swift */; };
		C448E6B82A75BC4100A18EBE /* ViewModel.swift in Sources */ = {isa = PBXBuildFile; fileRef = C4C7A7E028A575D6001CB803 /* ViewModel.swift */; };
		C448E6B92A75BC4100A18EBE /* StorageView.swift in Sources */ = {isa = PBXBuildFile; fileRef = C448E69F2A75B56F00A18EBE /* StorageView.swift */; };
		C448E6BA2A75BC4100A18EBE /* GestionaleVideoOnTheMandApp.swift in Sources */ = {isa = PBXBuildFile; fileRef = C4C7A7D128A528EB001CB803 /* GestionaleVideoOnTheMandApp.swift */; };
		C448E6BC2A75BC4100A18EBE /* RegistrationView.swift in Sources */ = {isa = PBXBuildFile; fileRef = C4C7A80928A90398001CB803 /* RegistrationView.swift */; };
		C448E6BE2A75BC4100A18EBE /* FirebaseFirestore in Frameworks */ = {isa = PBXBuildFile; productRef = C448E6A42A75BC4100A18EBE /* FirebaseFirestore */; };
		C448E6BF2A75BC4100A18EBE /* FirebaseAuth in Frameworks */ = {isa = PBXBuildFile; productRef = C448E6A22A75BC4100A18EBE /* FirebaseAuth */; };
		C448E6C02A75BC4100A18EBE /* GoogleSignIn in Frameworks */ = {isa = PBXBuildFile; productRef = C448E6A62A75BC4100A18EBE /* GoogleSignIn */; };
		C448E6C12A75BC4100A18EBE /* FirebaseStorage in Frameworks */ = {isa = PBXBuildFile; productRef = C448E6A52A75BC4100A18EBE /* FirebaseStorage */; };
		C448E6C22A75BC4100A18EBE /* GRPC in Frameworks */ = {isa = PBXBuildFile; productRef = C448E6A92A75BC4100A18EBE /* GRPC */; };
		C448E6C32A75BC4100A18EBE /* protoc-gen-grpc-swift in Frameworks */ = {isa = PBXBuildFile; productRef = C448E6AB2A75BC4100A18EBE /* protoc-gen-grpc-swift */; };
		C448E6C42A75BC4100A18EBE /* GoogleSignInSwift in Frameworks */ = {isa = PBXBuildFile; productRef = C448E6A82A75BC4100A18EBE /* GoogleSignInSwift */; };
		C448E6C62A75BC4100A18EBE /* GoogleService-Info.plist in Resources */ = {isa = PBXBuildFile; fileRef = C4C7A7E228A59FEE001CB803 /* GoogleService-Info.plist */; };
		C448E6C72A75BC4100A18EBE /* Preview Assets.xcassets in Resources */ = {isa = PBXBuildFile; fileRef = C4C7A7D828A528ED001CB803 /* Preview Assets.xcassets */; };
		C448E6C82A75BC4100A18EBE /* Assets.xcassets in Resources */ = {isa = PBXBuildFile; fileRef = C4C7A7D528A528ED001CB803 /* Assets.xcassets */; };
		C473578C2EDB58EC00F1B9AF /* ApiManager.swift in Sources */ = {isa = PBXBuildFile; fileRef = C473578B2EDB58EC00F1B9AF /* ApiManager.swift */; };
		C473578D2EDB58EC00F1B9AF /* ApiManager.swift in Sources */ = {isa = PBXBuildFile; fileRef = C473578B2EDB58EC00F1B9AF /* ApiManager.swift */; };
		C4880F1228B2A1230091B7C4 /* GoogleSignIn in Frameworks */ = {isa = PBXBuildFile; productRef = C4880F1128B2A1230091B7C4 /* GoogleSignIn */; };
		C4880F1428B2A1230091B7C4 /* GoogleSignInSwift in Frameworks */ = {isa = PBXBuildFile; productRef = C4880F1328B2A1230091B7C4 /* GoogleSignInSwift */; };
		C4AB776B2961D13900BE9346 /* Enum.swift in Sources */ = {isa = PBXBuildFile; fileRef = C4AB776A2961D13900BE9346 /* Enum.swift */; };
		C4B8D4C22A78100C008D3CEB /* InfoUserView.swift in Sources */ = {isa = PBXBuildFile; fileRef = C4B8D4C12A78100C008D3CEB /* InfoUserView.swift */; };
		C4B8D4C32A78100C008D3CEB /* InfoUserView.swift in Sources */ = {isa = PBXBuildFile; fileRef = C4B8D4C12A78100C008D3CEB /* InfoUserView.swift */; };
		C4BE732E2A757C8800175BF3 /* GRPC in Frameworks */ = {isa = PBXBuildFile; productRef = C4BE732D2A757C8800175BF3 /* GRPC */; };
		C4BE73302A757C8800175BF3 /* protoc-gen-grpc-swift in Frameworks */ = {isa = PBXBuildFile; productRef = C4BE732F2A757C8800175BF3 /* protoc-gen-grpc-swift */; };
		C4C7A7D228A528EB001CB803 /* GestionaleVideoOnTheMandApp.swift in Sources */ = {isa = PBXBuildFile; fileRef = C4C7A7D128A528EB001CB803 /* GestionaleVideoOnTheMandApp.swift */; };
		C4C7A7D428A528EB001CB803 /* ContentView.swift in Sources */ = {isa = PBXBuildFile; fileRef = C4C7A7D328A528EB001CB803 /* ContentView.swift */; };
		C4C7A7D628A528ED001CB803 /* Assets.xcassets in Resources */ = {isa = PBXBuildFile; fileRef = C4C7A7D528A528ED001CB803 /* Assets.xcassets */; };
		C4C7A7D928A528ED001CB803 /* Preview Assets.xcassets in Resources */ = {isa = PBXBuildFile; fileRef = C4C7A7D828A528ED001CB803 /* Preview Assets.xcassets */; };
		C4C7A7E128A575D6001CB803 /* ViewModel.swift in Sources */ = {isa = PBXBuildFile; fileRef = C4C7A7E028A575D6001CB803 /* ViewModel.swift */; };
		C4C7A7E328A59FEE001CB803 /* GoogleService-Info.plist in Resources */ = {isa = PBXBuildFile; fileRef = C4C7A7E228A59FEE001CB803 /* GoogleService-Info.plist */; };
		C4C7A7EA28A5A09E001CB803 /* FirebaseAuth in Frameworks */ = {isa = PBXBuildFile; productRef = C4C7A7E928A5A09E001CB803 /* FirebaseAuth */; };
		C4C7A7EC28A5A09E001CB803 /* FirebaseFirestore in Frameworks */ = {isa = PBXBuildFile; productRef = C4C7A7EB28A5A09E001CB803 /* FirebaseFirestore */; };
		C4C7A7F228A5A09E001CB803 /* FirebaseStorage in Frameworks */ = {isa = PBXBuildFile; productRef = C4C7A7F128A5A09E001CB803 /* FirebaseStorage */; };
		C4C7A7FB28A65926001CB803 /* Extensions.swift in Sources */ = {isa = PBXBuildFile; fileRef = C4C7A7F828A65926001CB803 /* Extensions.swift */; };
		C4C7A7FC28A65926001CB803 /* Film.swift in Sources */ = {isa = PBXBuildFile; fileRef = C4C7A7F928A65926001CB803 /* Film.swift */; };
		C4C7A7FD28A65926001CB803 /* Utente.swift in Sources */ = {isa = PBXBuildFile; fileRef = C4C7A7FA28A65926001CB803 /* Utente.swift */; };
		C4C7A80628A902C9001CB803 /* LoginViewModel.swift in Sources */ = {isa = PBXBuildFile; fileRef = C4C7A80528A902C9001CB803 /* LoginViewModel.swift */; };
		C4C7A80828A9037A001CB803 /* LoginView.swift in Sources */ = {isa = PBXBuildFile; fileRef = C4C7A80728A9037A001CB803 /* LoginView.swift */; };
		C4C7A80A28A90398001CB803 /* RegistrationView.swift in Sources */ = {isa = PBXBuildFile; fileRef = C4C7A80928A90398001CB803 /* RegistrationView.swift */; };
		C4D0ABB92A81136800478531 /* GestionaleVideoOnTheMand.icns in Resources */ = {isa = PBXBuildFile; fileRef = C4D0ABB82A81136800478531 /* GestionaleVideoOnTheMand.icns */; };
		C4D0ABBA2A81136800478531 /* GestionaleVideoOnTheMand.icns in Resources */ = {isa = PBXBuildFile; fileRef = C4D0ABB82A81136800478531 /* GestionaleVideoOnTheMand.icns */; };
		C4D1504D2A18E0FC00186D06 /* HomeProtocol.swift in Sources */ = {isa = PBXBuildFile; fileRef = C4D1504C2A18E0FC00186D06 /* HomeProtocol.swift */; };
		C4D634682A72A45900B54E1C /* UploadFilmView.swift in Sources */ = {isa = PBXBuildFile; fileRef = C4D634672A72A45900B54E1C /* UploadFilmView.swift */; };
		C4F1FD1F2A730315000443AE /* HomeView.swift in Sources */ = {isa = PBXBuildFile; fileRef = C433B0682A72ADC700A0CA1E /* HomeView.swift */; };
/* End PBXBuildFile section */

/* Begin PBXFileReference section */
		C433B0682A72ADC700A0CA1E /* HomeView.swift */ = {isa = PBXFileReference; lastKnownFileType = sourcecode.swift; path = HomeView.swift; sourceTree = "<group>"; };
		C443CD9E2A7BCE2100ED417F /* CustomView.swift */ = {isa = PBXFileReference; lastKnownFileType = sourcecode.swift; path = CustomView.swift; sourceTree = "<group>"; };
		C448E69D2A75B55E00A18EBE /* FilmView.swift */ = {isa = PBXFileReference; lastKnownFileType = sourcecode.swift; path = FilmView.swift; sourceTree = "<group>"; };
		C448E69F2A75B56F00A18EBE /* StorageView.swift */ = {isa = PBXFileReference; lastKnownFileType = sourcecode.swift; path = StorageView.swift; sourceTree = "<group>"; };
		C448E6CC2A75BC4100A18EBE /* GestionaleVideoOnTheMandDev.app */ = {isa = PBXFileReference; explicitFileType = wrapper.application; includeInIndex = 0; path = GestionaleVideoOnTheMandDev.app; sourceTree = BUILT_PRODUCTS_DIR; };
		C448E6CD2A75BC4100A18EBE /* GestionaleVideoOnTheMandDev.plist */ = {isa = PBXFileReference; lastKnownFileType = text.plist.xml; name = GestionaleVideoOnTheMandDev.plist; path = /Users/michelemanniello/Documents/Sviluppo/Swift/GestionaleVideoOnTheMand/GestionaleVideoOnTheMandDev.plist; sourceTree = "<absolute>"; };
		C473578B2EDB58EC00F1B9AF /* ApiManager.swift */ = {isa = PBXFileReference; lastKnownFileType = sourcecode.swift; path = ApiManager.swift; sourceTree = "<group>"; };
		C473578E2EDB5FBD00F1B9AF /* GestionaleVideoOnTheMandDev.entitlements */ = {isa = PBXFileReference; lastKnownFileType = text.plist.entitlements; path = GestionaleVideoOnTheMandDev.entitlements; sourceTree = "<group>"; };
		C4880F1528B2A1480091B7C4 /* Info.plist */ = {isa = PBXFileReference; lastKnownFileType = text.plist; path = Info.plist; sourceTree = "<group>"; };
		C4AB776A2961D13900BE9346 /* Enum.swift */ = {isa = PBXFileReference; lastKnownFileType = sourcecode.swift; path = Enum.swift; sourceTree = "<group>"; };
		C4B8D4C12A78100C008D3CEB /* InfoUserView.swift */ = {isa = PBXFileReference; lastKnownFileType = sourcecode.swift; path = InfoUserView.swift; sourceTree = "<group>"; };
		C4C7A7CE28A528EB001CB803 /* GestionaleVideoOnTheMand.app */ = {isa = PBXFileReference; explicitFileType = wrapper.application; includeInIndex = 0; path = GestionaleVideoOnTheMand.app; sourceTree = BUILT_PRODUCTS_DIR; };
		C4C7A7D128A528EB001CB803 /* GestionaleVideoOnTheMandApp.swift */ = {isa = PBXFileReference; lastKnownFileType = sourcecode.swift; path = GestionaleVideoOnTheMandApp.swift; sourceTree = "<group>"; };
		C4C7A7D328A528EB001CB803 /* ContentView.swift */ = {isa = PBXFileReference; lastKnownFileType = sourcecode.swift; path = ContentView.swift; sourceTree = "<group>"; };
		C4C7A7D528A528ED001CB803 /* Assets.xcassets */ = {isa = PBXFileReference; lastKnownFileType = folder.assetcatalog; path = Assets.xcassets; sourceTree = "<group>"; };
		C4C7A7D828A528ED001CB803 /* Preview Assets.xcassets */ = {isa = PBXFileReference; lastKnownFileType = folder.assetcatalog; path = "Preview Assets.xcassets"; sourceTree = "<group>"; };
		C4C7A7DA28A528ED001CB803 /* GestionaleVideoOnTheMand.entitlements */ = {isa = PBXFileReference; lastKnownFileType = text.plist.entitlements; path = GestionaleVideoOnTheMand.entitlements; sourceTree = "<group>"; };
		C4C7A7E028A575D6001CB803 /* ViewModel.swift */ = {isa = PBXFileReference; lastKnownFileType = sourcecode.swift; path = ViewModel.swift; sourceTree = "<group>"; };
		C4C7A7E228A59FEE001CB803 /* GoogleService-Info.plist */ = {isa = PBXFileReference; fileEncoding = 4; lastKnownFileType = text.plist.xml; path = "GoogleService-Info.plist"; sourceTree = "<group>"; };
		C4C7A7F828A65926001CB803 /* Extensions.swift */ = {isa = PBXFileReference; fileEncoding = 4; lastKnownFileType = sourcecode.swift; path = Extensions.swift; sourceTree = "<group>"; };
		C4C7A7F928A65926001CB803 /* Film.swift */ = {isa = PBXFileReference; fileEncoding = 4; lastKnownFileType = sourcecode.swift; path = Film.swift; sourceTree = "<group>"; };
		C4C7A7FA28A65926001CB803 /* Utente.swift */ = {isa = PBXFileReference; fileEncoding = 4; lastKnownFileType = sourcecode.swift; path = Utente.swift; sourceTree = "<group>"; };
		C4C7A80528A902C9001CB803 /* LoginViewModel.swift */ = {isa = PBXFileReference; lastKnownFileType = sourcecode.swift; path = LoginViewModel.swift; sourceTree = "<group>"; };
		C4C7A80728A9037A001CB803 /* LoginView.swift */ = {isa = PBXFileReference; lastKnownFileType = sourcecode.swift; path = LoginView.swift; sourceTree = "<group>"; };
		C4C7A80928A90398001CB803 /* RegistrationView.swift */ = {isa = PBXFileReference; lastKnownFileType = sourcecode.swift; path = RegistrationView.swift; sourceTree = "<group>"; };
		C4D0ABB82A81136800478531 /* GestionaleVideoOnTheMand.icns */ = {isa = PBXFileReference; lastKnownFileType = image.icns; path = GestionaleVideoOnTheMand.icns; sourceTree = "<group>"; };
		C4D1504C2A18E0FC00186D06 /* HomeProtocol.swift */ = {isa = PBXFileReference; lastKnownFileType = sourcecode.swift; path = HomeProtocol.swift; sourceTree = "<group>"; };
		C4D634672A72A45900B54E1C /* UploadFilmView.swift */ = {isa = PBXFileReference; lastKnownFileType = sourcecode.swift; path = UploadFilmView.swift; sourceTree = "<group>"; };
/* End PBXFileReference section */

/* Begin PBXFrameworksBuildPhase section */
		C448E6BD2A75BC4100A18EBE /* Frameworks */ = {
			isa = PBXFrameworksBuildPhase;
			buildActionMask = 2147483647;
			files = (
				C448E6BE2A75BC4100A18EBE /* FirebaseFirestore in Frameworks */,
				C448E6BF2A75BC4100A18EBE /* FirebaseAuth in Frameworks */,
				C448E6C02A75BC4100A18EBE /* GoogleSignIn in Frameworks */,
				C448E6C12A75BC4100A18EBE /* FirebaseStorage in Frameworks */,
				C448E6C22A75BC4100A18EBE /* GRPC in Frameworks */,
				C448E6C32A75BC4100A18EBE /* protoc-gen-grpc-swift in Frameworks */,
				C448E6C42A75BC4100A18EBE /* GoogleSignInSwift in Frameworks */,
			);
			runOnlyForDeploymentPostprocessing = 0;
		};
		C4C7A7CB28A528EB001CB803 /* Frameworks */ = {
			isa = PBXFrameworksBuildPhase;
			buildActionMask = 2147483647;
			files = (
				C4C7A7EC28A5A09E001CB803 /* FirebaseFirestore in Frameworks */,
				C4C7A7EA28A5A09E001CB803 /* FirebaseAuth in Frameworks */,
				C4880F1228B2A1230091B7C4 /* GoogleSignIn in Frameworks */,
				C4C7A7F228A5A09E001CB803 /* FirebaseStorage in Frameworks */,
				C4BE732E2A757C8800175BF3 /* GRPC in Frameworks */,
				C4BE73302A757C8800175BF3 /* protoc-gen-grpc-swift in Frameworks */,
				C4880F1428B2A1230091B7C4 /* GoogleSignInSwift in Frameworks */,
			);
			runOnlyForDeploymentPostprocessing = 0;
		};
/* End PBXFrameworksBuildPhase section */

/* Begin PBXGroup section */
		C443CD9C2A7BCDFC00ED417F /* Extension */ = {
			isa = PBXGroup;
			children = (
				C4C7A7F828A65926001CB803 /* Extensions.swift */,
				C443CD9E2A7BCE2100ED417F /* CustomView.swift */,
			);
			path = Extension;
			sourceTree = "<group>";
		};
		C448E69C2A75B54000A18EBE /* NewView */ = {
			isa = PBXGroup;
			children = (
				C4D634672A72A45900B54E1C /* UploadFilmView.swift */,
				C433B0682A72ADC700A0CA1E /* HomeView.swift */,
				C448E69D2A75B55E00A18EBE /* FilmView.swift */,
				C448E69F2A75B56F00A18EBE /* StorageView.swift */,
				C4B8D4C12A78100C008D3CEB /* InfoUserView.swift */,
			);
			path = NewView;
			sourceTree = "<group>";
		};
		C473578A2EDB58BA00F1B9AF /* Api */ = {
			isa = PBXGroup;
			children = (
				C473578B2EDB58EC00F1B9AF /* ApiManager.swift */,
			);
			path = Api;
			sourceTree = "<group>";
		};
		C4C7A7C528A528EB001CB803 = {
			isa = PBXGroup;
			children = (
				C4C7A7D028A528EB001CB803 /* GestionaleVideoOnTheMand */,
				C4C7A7CF28A528EB001CB803 /* Products */,
				C448E6CD2A75BC4100A18EBE /* GestionaleVideoOnTheMandDev.plist */,
			);
			sourceTree = "<group>";
		};
		C4C7A7CF28A528EB001CB803 /* Products */ = {
			isa = PBXGroup;
			children = (
				C4C7A7CE28A528EB001CB803 /* GestionaleVideoOnTheMand.app */,
				C448E6CC2A75BC4100A18EBE /* GestionaleVideoOnTheMandDev.app */,
			);
			name = Products;
			sourceTree = "<group>";
		};
		C4C7A7D028A528EB001CB803 /* GestionaleVideoOnTheMand */ = {
			isa = PBXGroup;
			children = (
				C473578A2EDB58BA00F1B9AF /* Api */,
				C443CD9C2A7BCDFC00ED417F /* Extension */,
				C4880F1528B2A1480091B7C4 /* Info.plist */,
				C4C7A7F728A65490001CB803 /* View */,
				C4C7A7F628A65488001CB803 /* Model */,
				C4C7A7F528A6546D001CB803 /* ViewModel */,
				C4C7A7D128A528EB001CB803 /* GestionaleVideoOnTheMandApp.swift */,
				C4C7A7D328A528EB001CB803 /* ContentView.swift */,
				C4D0ABB82A81136800478531 /* GestionaleVideoOnTheMand.icns */,
				C4C7A7D528A528ED001CB803 /* Assets.xcassets */,
				C4C7A7DA28A528ED001CB803 /* GestionaleVideoOnTheMand.entitlements */,
				C473578E2EDB5FBD00F1B9AF /* GestionaleVideoOnTheMandDev.entitlements */,
				C4C7A7E228A59FEE001CB803 /* GoogleService-Info.plist */,
				C4C7A7D728A528ED001CB803 /* Preview Content */,
			);
			path = GestionaleVideoOnTheMand;
			sourceTree = "<group>";
		};
		C4C7A7D728A528ED001CB803 /* Preview Content */ = {
			isa = PBXGroup;
			children = (
				C4C7A7D828A528ED001CB803 /* Preview Assets.xcassets */,
			);
			path = "Preview Content";
			sourceTree = "<group>";
		};
		C4C7A7F528A6546D001CB803 /* ViewModel */ = {
			isa = PBXGroup;
			children = (
				C4C7A7E028A575D6001CB803 /* ViewModel.swift */,
				C4C7A80528A902C9001CB803 /* LoginViewModel.swift */,
			);
			path = ViewModel;
			sourceTree = "<group>";
		};
		C4C7A7F628A65488001CB803 /* Model */ = {
			isa = PBXGroup;
			children = (
				C4C7A7F928A65926001CB803 /* Film.swift */,
				C4C7A7FA28A65926001CB803 /* Utente.swift */,
				C4AB776A2961D13900BE9346 /* Enum.swift */,
				C4D1504C2A18E0FC00186D06 /* HomeProtocol.swift */,
			);
			path = Model;
			sourceTree = "<group>";
		};
		C4C7A7F728A65490001CB803 /* View */ = {
			isa = PBXGroup;
			children = (
				C448E69C2A75B54000A18EBE /* NewView */,
				C4C7A80728A9037A001CB803 /* LoginView.swift */,
				C4C7A80928A90398001CB803 /* RegistrationView.swift */,
			);
			path = View;
			sourceTree = "<group>";
		};
/* End PBXGroup section */

/* Begin PBXNativeTarget section */
		C448E6A12A75BC4100A18EBE /* GestionaleVideoOnTheMandDev */ = {
			isa = PBXNativeTarget;
			buildConfigurationList = C448E6C92A75BC4100A18EBE /* Build configuration list for PBXNativeTarget "GestionaleVideoOnTheMandDev" */;
			buildPhases = (
				C448E6AC2A75BC4100A18EBE /* Sources */,
				C448E6BD2A75BC4100A18EBE /* Frameworks */,
				C448E6C52A75BC4100A18EBE /* Resources */,
			);
			buildRules = (
			);
			dependencies = (
			);
			name = GestionaleVideoOnTheMandDev;
			packageProductDependencies = (
				C448E6A22A75BC4100A18EBE /* FirebaseAuth */,
				C448E6A42A75BC4100A18EBE /* FirebaseFirestore */,
				C448E6A52A75BC4100A18EBE /* FirebaseStorage */,
				C448E6A62A75BC4100A18EBE /* GoogleSignIn */,
				C448E6A82A75BC4100A18EBE /* GoogleSignInSwift */,
				C448E6A92A75BC4100A18EBE /* GRPC */,
				C448E6AB2A75BC4100A18EBE /* protoc-gen-grpc-swift */,
			);
			productName = GestionaleVideoOnTheMand;
			productReference = C448E6CC2A75BC4100A18EBE /* GestionaleVideoOnTheMandDev.app */;
			productType = "com.apple.product-type.application";
		};
		C4C7A7CD28A528EB001CB803 /* GestionaleVideoOnTheMand */ = {
			isa = PBXNativeTarget;
			buildConfigurationList = C4C7A7DD28A528ED001CB803 /* Build configuration list for PBXNativeTarget "GestionaleVideoOnTheMand" */;
			buildPhases = (
				C4C7A7CA28A528EB001CB803 /* Sources */,
				C4C7A7CB28A528EB001CB803 /* Frameworks */,
				C4C7A7CC28A528EB001CB803 /* Resources */,
			);
			buildRules = (
			);
			dependencies = (
			);
			name = GestionaleVideoOnTheMand;
			packageProductDependencies = (
				C4C7A7E928A5A09E001CB803 /* FirebaseAuth */,
				C4C7A7EB28A5A09E001CB803 /* FirebaseFirestore */,
				C4C7A7F128A5A09E001CB803 /* FirebaseStorage */,
				C4880F1128B2A1230091B7C4 /* GoogleSignIn */,
				C4880F1328B2A1230091B7C4 /* GoogleSignInSwift */,
				C4BE732D2A757C8800175BF3 /* GRPC */,
				C4BE732F2A757C8800175BF3 /* protoc-gen-grpc-swift */,
			);
			productName = GestionaleVideoOnTheMand;
			productReference = C4C7A7CE28A528EB001CB803 /* GestionaleVideoOnTheMand.app */;
			productType = "com.apple.product-type.application";
		};
/* End PBXNativeTarget section */

/* Begin PBXProject section */
		C4C7A7C628A528EB001CB803 /* Project object */ = {
			isa = PBXProject;
			attributes = {
				BuildIndependentTargetsInParallel = 1;
				LastSwiftUpdateCheck = 1340;
				LastUpgradeCheck = 1340;
				TargetAttributes = {
					C4C7A7CD28A528EB001CB803 = {
						CreatedOnToolsVersion = 13.4.1;
					};
				};
			};
			buildConfigurationList = C4C7A7C928A528EB001CB803 /* Build configuration list for PBXProject "GestionaleVideoOnTheMand" */;
			compatibilityVersion = "Xcode 13.0";
			developmentRegion = en;
			hasScannedForEncodings = 0;
			knownRegions = (
				en,
				Base,
			);
			mainGroup = C4C7A7C528A528EB001CB803;
			packageReferences = (
				C4C7A7E428A5A09E001CB803 /* XCRemoteSwiftPackageReference "firebase-ios-sdk" */,
				C4880F1028B2A1220091B7C4 /* XCRemoteSwiftPackageReference "GoogleSignIn-iOS" */,
				C4BE732A2A757C8800175BF3 /* XCRemoteSwiftPackageReference "grpc-swift" */,
			);
			productRefGroup = C4C7A7CF28A528EB001CB803 /* Products */;
			projectDirPath = "";
			projectRoot = "";
			targets = (
				C4C7A7CD28A528EB001CB803 /* GestionaleVideoOnTheMand */,
				C448E6A12A75BC4100A18EBE /* GestionaleVideoOnTheMandDev */,
			);
		};
/* End PBXProject section */

/* Begin PBXResourcesBuildPhase section */
		C448E6C52A75BC4100A18EBE /* Resources */ = {
			isa = PBXResourcesBuildPhase;
			buildActionMask = 2147483647;
			files = (
				C4D0ABBA2A81136800478531 /* GestionaleVideoOnTheMand.icns in Resources */,
				C448E6C62A75BC4100A18EBE /* GoogleService-Info.plist in Resources */,
				C448E6C72A75BC4100A18EBE /* Preview Assets.xcassets in Resources */,
				C448E6C82A75BC4100A18EBE /* Assets.xcassets in Resources */,
			);
			runOnlyForDeploymentPostprocessing = 0;
		};
		C4C7A7CC28A528EB001CB803 /* Resources */ = {
			isa = PBXResourcesBuildPhase;
			buildActionMask = 2147483647;
			files = (
				C4D0ABB92A81136800478531 /* GestionaleVideoOnTheMand.icns in Resources */,
				C4C7A7E328A59FEE001CB803 /* GoogleService-Info.plist in Resources */,
				C4C7A7D928A528ED001CB803 /* Preview Assets.xcassets in Resources */,
				C4C7A7D628A528ED001CB803 /* Assets.xcassets in Resources */,
			);
			runOnlyForDeploymentPostprocessing = 0;
		};
/* End PBXResourcesBuildPhase section */

/* Begin PBXSourcesBuildPhase section */
		C448E6AC2A75BC4100A18EBE /* Sources */ = {
			isa = PBXSourcesBuildPhase;
			buildActionMask = 2147483647;
			files = (
				C448E6AD2A75BC4100A18EBE /* Utente.swift in Sources */,
				C448E6AF2A75BC4100A18EBE /* Film.swift in Sources */,
				C443CDA12A7BEB9600ED417F /* CustomView.swift in Sources */,
				C4B8D4C32A78100C008D3CEB /* InfoUserView.swift in Sources */,
				C448E6B02A75BC4100A18EBE /* LoginView.swift in Sources */,
				C448E6B12A75BC4100A18EBE /* HomeProtocol.swift in Sources */,
				C448E6B22A75BC4100A18EBE /* Enum.swift in Sources */,
				C448E6B32A75BC4100A18EBE /* UploadFilmView.swift in Sources */,
				C448E6B42A75BC4100A18EBE /* HomeView.swift in Sources */,
				C448E6B52A75BC4100A18EBE /* FilmView.swift in Sources */,
				C473578C2EDB58EC00F1B9AF /* ApiManager.swift in Sources */,
				C448E6B62A75BC4100A18EBE /* ContentView.swift in Sources */,
				C448E6B72A75BC4100A18EBE /* LoginViewModel.swift in Sources */,
				C448E6B82A75BC4100A18EBE /* ViewModel.swift in Sources */,
				C448E6B92A75BC4100A18EBE /* StorageView.swift in Sources */,
				C443CDA02A7BEB9100ED417F /* Extensions.swift in Sources */,
				C448E6BA2A75BC4100A18EBE /* GestionaleVideoOnTheMandApp.swift in Sources */,
				C448E6BC2A75BC4100A18EBE /* RegistrationView.swift in Sources */,
			);
			runOnlyForDeploymentPostprocessing = 0;
		};
		C4C7A7CA28A528EB001CB803 /* Sources */ = {
			isa = PBXSourcesBuildPhase;
			buildActionMask = 2147483647;
			files = (
				C4C7A7FD28A65926001CB803 /* Utente.swift in Sources */,
				C4C7A7FC28A65926001CB803 /* Film.swift in Sources */,
				C443CD9F2A7BCE2100ED417F /* CustomView.swift in Sources */,
				C4B8D4C22A78100C008D3CEB /* InfoUserView.swift in Sources */,
				C4C7A80828A9037A001CB803 /* LoginView.swift in Sources */,
				C4D1504D2A18E0FC00186D06 /* HomeProtocol.swift in Sources */,
				C4AB776B2961D13900BE9346 /* Enum.swift in Sources */,
				C4D634682A72A45900B54E1C /* UploadFilmView.swift in Sources */,
				C4F1FD1F2A730315000443AE /* HomeView.swift in Sources */,
				C448E69E2A75B55E00A18EBE /* FilmView.swift in Sources */,
				C473578D2EDB58EC00F1B9AF /* ApiManager.swift in Sources */,
				C4C7A7D428A528EB001CB803 /* ContentView.swift in Sources */,
				C4C7A80628A902C9001CB803 /* LoginViewModel.swift in Sources */,
				C4C7A7E128A575D6001CB803 /* ViewModel.swift in Sources */,
				C448E6A02A75B56F00A18EBE /* StorageView.swift in Sources */,
				C4C7A7D228A528EB001CB803 /* GestionaleVideoOnTheMandApp.swift in Sources */,
				C4C7A7FB28A65926001CB803 /* Extensions.swift in Sources */,
				C4C7A80A28A90398001CB803 /* RegistrationView.swift in Sources */,
			);
			runOnlyForDeploymentPostprocessing = 0;
		};
/* End PBXSourcesBuildPhase section */

/* Begin XCBuildConfiguration section */
		C448E6CA2A75BC4100A18EBE /* Debug */ = {
			isa = XCBuildConfiguration;
			buildSettings = {
				ASSETCATALOG_COMPILER_APPICON_NAME = AppIcon;
				ASSETCATALOG_COMPILER_GLOBAL_ACCENT_COLOR_NAME = AccentColor;
				CODE_SIGN_ENTITLEMENTS = GestionaleVideoOnTheMand/GestionaleVideoOnTheMandDev.entitlements;
				"CODE_SIGN_IDENTITY[sdk=macosx*]" = "Apple Development";
				CODE_SIGN_STYLE = Automatic;
				COMBINE_HIDPI_IMAGES = YES;
				CURRENT_PROJECT_VERSION = 1;
				DEVELOPMENT_ASSET_PATHS = "\"GestionaleVideoOnTheMand/Preview Content\"";
				DEVELOPMENT_TEAM = G7DSPSWXXC;
				ENABLE_HARDENED_RUNTIME = YES;
				ENABLE_PREVIEWS = YES;
				GENERATE_INFOPLIST_FILE = YES;
				INFOPLIST_FILE = GestionaleVideoOnTheMandDev.plist;
				INFOPLIST_KEY_NSHumanReadableCopyright = "";
				LD_RUNPATH_SEARCH_PATHS = (
					"$(inherited)",
					"@executable_path/../Frameworks",
				);
				MACOSX_DEPLOYMENT_TARGET = 13.0;
				MARKETING_VERSION = 1.0;
				OTHER_SWIFT_FLAGS = "-DDEV";
				PRODUCT_BUNDLE_IDENTIFIER = com.MicheleManniello.GestionaleVideoOnTheMandDev;
				PRODUCT_NAME = "$(TARGET_NAME)";
				SUPPORTED_PLATFORMS = "iphoneos iphonesimulator macosx";
				SUPPORTS_MACCATALYST = YES;
				SUPPORTS_MAC_DESIGNED_FOR_IPHONE_IPAD = NO;
				SWIFT_EMIT_LOC_STRINGS = YES;
				SWIFT_VERSION = 5.0;
				TARGETED_DEVICE_FAMILY = 2;
			};
			name = Debug;
		};
		C448E6CB2A75BC4100A18EBE /* Release */ = {
			isa = XCBuildConfiguration;
			buildSettings = {
				ASSETCATALOG_COMPILER_APPICON_NAME = AppIcon;
				ASSETCATALOG_COMPILER_GLOBAL_ACCENT_COLOR_NAME = AccentColor;
				CODE_SIGN_ENTITLEMENTS = GestionaleVideoOnTheMand/GestionaleVideoOnTheMandDev.entitlements;
				"CODE_SIGN_IDENTITY[sdk=macosx*]" = "Apple Development";
				CODE_SIGN_STYLE = Automatic;
				COMBINE_HIDPI_IMAGES = YES;
				CURRENT_PROJECT_VERSION = 1;
				DEVELOPMENT_ASSET_PATHS = "\"GestionaleVideoOnTheMand/Preview Content\"";
				DEVELOPMENT_TEAM = G7DSPSWXXC;
				ENABLE_HARDENED_RUNTIME = YES;
				ENABLE_PREVIEWS = YES;
				GENERATE_INFOPLIST_FILE = YES;
				INFOPLIST_FILE = GestionaleVideoOnTheMandDev.plist;
				INFOPLIST_KEY_NSHumanReadableCopyright = "";
				LD_RUNPATH_SEARCH_PATHS = (
					"$(inherited)",
					"@executable_path/../Frameworks",
				);
				MACOSX_DEPLOYMENT_TARGET = 13.0;
				MARKETING_VERSION = 1.0;
				OTHER_SWIFT_FLAGS = "-DDEV";
				PRODUCT_BUNDLE_IDENTIFIER = com.MicheleManniello.GestionaleVideoOnTheMandDev;
				PRODUCT_NAME = "$(TARGET_NAME)";
				SUPPORTED_PLATFORMS = "iphoneos iphonesimulator macosx";
				SUPPORTS_MACCATALYST = YES;
				SUPPORTS_MAC_DESIGNED_FOR_IPHONE_IPAD = NO;
				SWIFT_EMIT_LOC_STRINGS = YES;
				SWIFT_VERSION = 5.0;
				TARGETED_DEVICE_FAMILY = 2;
			};
			name = Release;
		};
		C4C7A7DB28A528ED001CB803 /* Debug */ = {
			isa = XCBuildConfiguration;
			buildSettings = {
				ALWAYS_SEARCH_USER_PATHS = NO;
				CLANG_ANALYZER_NONNULL = YES;
				CLANG_ANALYZER_NUMBER_OBJECT_CONVERSION = YES_AGGRESSIVE;
				CLANG_CXX_LANGUAGE_STANDARD = "gnu++17";
				CLANG_ENABLE_MODULES = YES;
				CLANG_ENABLE_OBJC_ARC = YES;
				CLANG_ENABLE_OBJC_WEAK = YES;
				CLANG_WARN_BLOCK_CAPTURE_AUTORELEASING = YES;
				CLANG_WARN_BOOL_CONVERSION = YES;
				CLANG_WARN_COMMA = YES;
				CLANG_WARN_CONSTANT_CONVERSION = YES;
				CLANG_WARN_DEPRECATED_OBJC_IMPLEMENTATIONS = YES;
				CLANG_WARN_DIRECT_OBJC_ISA_USAGE = YES_ERROR;
				CLANG_WARN_DOCUMENTATION_COMMENTS = YES;
				CLANG_WARN_EMPTY_BODY = YES;
				CLANG_WARN_ENUM_CONVERSION = YES;
				CLANG_WARN_INFINITE_RECURSION = YES;
				CLANG_WARN_INT_CONVERSION = YES;
				CLANG_WARN_NON_LITERAL_NULL_CONVERSION = YES;
				CLANG_WARN_OBJC_IMPLICIT_RETAIN_SELF = YES;
				CLANG_WARN_OBJC_LITERAL_CONVERSION = YES;
				CLANG_WARN_OBJC_ROOT_CLASS = YES_ERROR;
				CLANG_WARN_QUOTED_INCLUDE_IN_FRAMEWORK_HEADER = YES;
				CLANG_WARN_RANGE_LOOP_ANALYSIS = YES;
				CLANG_WARN_STRICT_PROTOTYPES = YES;
				CLANG_WARN_SUSPICIOUS_MOVE = YES;
				CLANG_WARN_UNGUARDED_AVAILABILITY = YES_AGGRESSIVE;
				CLANG_WARN_UNREACHABLE_CODE = YES;
				CLANG_WARN__DUPLICATE_METHOD_MATCH = YES;
				COPY_PHASE_STRIP = NO;
				DEBUG_INFORMATION_FORMAT = dwarf;
				ENABLE_STRICT_OBJC_MSGSEND = YES;
				ENABLE_TESTABILITY = YES;
				GCC_C_LANGUAGE_STANDARD = gnu11;
				GCC_DYNAMIC_NO_PIC = NO;
				GCC_NO_COMMON_BLOCKS = YES;
				GCC_OPTIMIZATION_LEVEL = 0;
				GCC_PREPROCESSOR_DEFINITIONS = (
					"DEBUG=1",
					"$(inherited)",
				);
				GCC_WARN_64_TO_32_BIT_CONVERSION = YES;
				GCC_WARN_ABOUT_RETURN_TYPE = YES_ERROR;
				GCC_WARN_UNDECLARED_SELECTOR = YES;
				GCC_WARN_UNINITIALIZED_AUTOS = YES_AGGRESSIVE;
				GCC_WARN_UNUSED_FUNCTION = YES;
				GCC_WARN_UNUSED_VARIABLE = YES;
				MACOSX_DEPLOYMENT_TARGET = 12.3;
				MTL_ENABLE_DEBUG_INFO = INCLUDE_SOURCE;
				MTL_FAST_MATH = YES;
				ONLY_ACTIVE_ARCH = YES;
				SDKROOT = macosx;
				SWIFT_ACTIVE_COMPILATION_CONDITIONS = DEBUG;
				SWIFT_OPTIMIZATION_LEVEL = "-Onone";
			};
			name = Debug;
		};
		C4C7A7DC28A528ED001CB803 /* Release */ = {
			isa = XCBuildConfiguration;
			buildSettings = {
				ALWAYS_SEARCH_USER_PATHS = NO;
				CLANG_ANALYZER_NONNULL = YES;
				CLANG_ANALYZER_NUMBER_OBJECT_CONVERSION = YES_AGGRESSIVE;
				CLANG_CXX_LANGUAGE_STANDARD = "gnu++17";
				CLANG_ENABLE_MODULES = YES;
				CLANG_ENABLE_OBJC_ARC = YES;
				CLANG_ENABLE_OBJC_WEAK = YES;
				CLANG_WARN_BLOCK_CAPTURE_AUTORELEASING = YES;
				CLANG_WARN_BOOL_CONVERSION = YES;
				CLANG_WARN_COMMA = YES;
				CLANG_WARN_CONSTANT_CONVERSION = YES;
				CLANG_WARN_DEPRECATED_OBJC_IMPLEMENTATIONS = YES;
				CLANG_WARN_DIRECT_OBJC_ISA_USAGE = YES_ERROR;
				CLANG_WARN_DOCUMENTATION_COMMENTS = YES;
				CLANG_WARN_EMPTY_BODY = YES;
				CLANG_WARN_ENUM_CONVERSION = YES;
				CLANG_WARN_INFINITE_RECURSION = YES;
				CLANG_WARN_INT_CONVERSION = YES;
				CLANG_WARN_NON_LITERAL_NULL_CONVERSION = YES;
				CLANG_WARN_OBJC_IMPLICIT_RETAIN_SELF = YES;
				CLANG_WARN_OBJC_LITERAL_CONVERSION = YES;
				CLANG_WARN_OBJC_ROOT_CLASS = YES_ERROR;
				CLANG_WARN_QUOTED_INCLUDE_IN_FRAMEWORK_HEADER = YES;
				CLANG_WARN_RANGE_LOOP_ANALYSIS = YES;
				CLANG_WARN_STRICT_PROTOTYPES = YES;
				CLANG_WARN_SUSPICIOUS_MOVE = YES;
				CLANG_WARN_UNGUARDED_AVAILABILITY = YES_AGGRESSIVE;
				CLANG_WARN_UNREACHABLE_CODE = YES;
				CLANG_WARN__DUPLICATE_METHOD_MATCH = YES;
				COPY_PHASE_STRIP = NO;
				DEBUG_INFORMATION_FORMAT = "dwarf-with-dsym";
				ENABLE_NS_ASSERTIONS = NO;
				ENABLE_STRICT_OBJC_MSGSEND = YES;
				GCC_C_LANGUAGE_STANDARD = gnu11;
				GCC_NO_COMMON_BLOCKS = YES;
				GCC_WARN_64_TO_32_BIT_CONVERSION = YES;
				GCC_WARN_ABOUT_RETURN_TYPE = YES_ERROR;
				GCC_WARN_UNDECLARED_SELECTOR = YES;
				GCC_WARN_UNINITIALIZED_AUTOS = YES_AGGRESSIVE;
				GCC_WARN_UNUSED_FUNCTION = YES;
				GCC_WARN_UNUSED_VARIABLE = YES;
				MACOSX_DEPLOYMENT_TARGET = 12.3;
				MTL_ENABLE_DEBUG_INFO = NO;
				MTL_FAST_MATH = YES;
				SDKROOT = macosx;
				SWIFT_COMPILATION_MODE = wholemodule;
				SWIFT_OPTIMIZATION_LEVEL = "-O";
			};
			name = Release;
		};
		C4C7A7DE28A528ED001CB803 /* Debug */ = {
			isa = XCBuildConfiguration;
			buildSettings = {
				ASSETCATALOG_COMPILER_APPICON_NAME = AppIcon;
				ASSETCATALOG_COMPILER_GLOBAL_ACCENT_COLOR_NAME = AccentColor;
				CODE_SIGN_ENTITLEMENTS = GestionaleVideoOnTheMand/GestionaleVideoOnTheMand.entitlements;
				CODE_SIGN_STYLE = Automatic;
				COMBINE_HIDPI_IMAGES = YES;
				CURRENT_PROJECT_VERSION = 1;
				DEVELOPMENT_ASSET_PATHS = "\"GestionaleVideoOnTheMand/Preview Content\"";
				DEVELOPMENT_TEAM = G7DSPSWXXC;
				ENABLE_HARDENED_RUNTIME = YES;
				ENABLE_PREVIEWS = YES;
				GENERATE_INFOPLIST_FILE = YES;
				INFOPLIST_FILE = GestionaleVideoOnTheMand/Info.plist;
				INFOPLIST_KEY_NSHumanReadableCopyright = "";
				LD_RUNPATH_SEARCH_PATHS = (
					"$(inherited)",
					"@executable_path/../Frameworks",
				);
				MACOSX_DEPLOYMENT_TARGET = 13.0;
				MARKETING_VERSION = 2.0;
				OTHER_SWIFT_FLAGS = "-DPROD";
				PRODUCT_BUNDLE_IDENTIFIER = com.MicheleManniello.GestionaleVideoOnTheMand;
				PRODUCT_NAME = "$(TARGET_NAME)";
				SUPPORTED_PLATFORMS = "iphoneos iphonesimulator macosx";
				SUPPORTS_MACCATALYST = YES;
				SUPPORTS_MAC_DESIGNED_FOR_IPHONE_IPAD = NO;
				SWIFT_EMIT_LOC_STRINGS = YES;
				SWIFT_VERSION = 5.0;
				TARGETED_DEVICE_FAMILY = 2;
			};
			name = Debug;
		};
		C4C7A7DF28A528ED001CB803 /* Release */ = {
			isa = XCBuildConfiguration;
			buildSettings = {
				ASSETCATALOG_COMPILER_APPICON_NAME = AppIcon;
				ASSETCATALOG_COMPILER_GLOBAL_ACCENT_COLOR_NAME = AccentColor;
				CODE_SIGN_ENTITLEMENTS = GestionaleVideoOnTheMand/GestionaleVideoOnTheMand.entitlements;
				CODE_SIGN_STYLE = Automatic;
				COMBINE_HIDPI_IMAGES = YES;
				CURRENT_PROJECT_VERSION = 1;
				DEVELOPMENT_ASSET_PATHS = "\"GestionaleVideoOnTheMand/Preview Content\"";
				DEVELOPMENT_TEAM = G7DSPSWXXC;
				ENABLE_HARDENED_RUNTIME = YES;
				ENABLE_PREVIEWS = YES;
				GENERATE_INFOPLIST_FILE = YES;
				INFOPLIST_FILE = GestionaleVideoOnTheMand/Info.plist;
				INFOPLIST_KEY_NSHumanReadableCopyright = "";
				LD_RUNPATH_SEARCH_PATHS = (
					"$(inherited)",
					"@executable_path/../Frameworks",
				);
				MACOSX_DEPLOYMENT_TARGET = 13.0;
				MARKETING_VERSION = 2.0;
				OTHER_SWIFT_FLAGS = "-DPROD";
				PRODUCT_BUNDLE_IDENTIFIER = com.MicheleManniello.GestionaleVideoOnTheMand;
				PRODUCT_NAME = "$(TARGET_NAME)";
				SUPPORTED_PLATFORMS = "iphoneos iphonesimulator macosx";
				SUPPORTS_MACCATALYST = YES;
				SUPPORTS_MAC_DESIGNED_FOR_IPHONE_IPAD = NO;
				SWIFT_EMIT_LOC_STRINGS = YES;
				SWIFT_VERSION = 5.0;
				TARGETED_DEVICE_FAMILY = 2;
			};
			name = Release;
		};
/* End XCBuildConfiguration section */

/* Begin XCConfigurationList section */
		C448E6C92A75BC4100A18EBE /* Build configuration list for PBXNativeTarget "GestionaleVideoOnTheMandDev" */ = {
			isa = XCConfigurationList;
			buildConfigurations = (
				C448E6CA2A75BC4100A18EBE /* Debug */,
				C448E6CB2A75BC4100A18EBE /* Release */,
			);
			defaultConfigurationIsVisible = 0;
			defaultConfigurationName = Release;
		};
		C4C7A7C928A528EB001CB803 /* Build configuration list for PBXProject "GestionaleVideoOnTheMand" */ = {
			isa = XCConfigurationList;
			buildConfigurations = (
				C4C7A7DB28A528ED001CB803 /* Debug */,
				C4C7A7DC28A528ED001CB803 /* Release */,
			);
			defaultConfigurationIsVisible = 0;
			defaultConfigurationName = Release;
		};
		C4C7A7DD28A528ED001CB803 /* Build configuration list for PBXNativeTarget "GestionaleVideoOnTheMand" */ = {
			isa = XCConfigurationList;
			buildConfigurations = (
				C4C7A7DE28A528ED001CB803 /* Debug */,
				C4C7A7DF28A528ED001CB803 /* Release */,
			);
			defaultConfigurationIsVisible = 0;
			defaultConfigurationName = Release;
		};
/* End XCConfigurationList section */

/* Begin XCRemoteSwiftPackageReference section */
		C448E6A32A75BC4100A18EBE /* XCRemoteSwiftPackageReference "firebase-ios-sdk" */ = {
			isa = XCRemoteSwiftPackageReference;
			repositoryURL = "https://github.com/firebase/firebase-ios-sdk.git";
			requirement = {
				kind = upToNextMajorVersion;
				minimumVersion = 9.0.0;
			};
		};
		C448E6A72A75BC4100A18EBE /* XCRemoteSwiftPackageReference "GoogleSignIn-iOS" */ = {
			isa = XCRemoteSwiftPackageReference;
			repositoryURL = "https://github.com/google/GoogleSignIn-iOS";
			requirement = {
				branch = main;
				kind = branch;
			};
		};
		C448E6AA2A75BC4100A18EBE /* XCRemoteSwiftPackageReference "grpc-swift" */ = {
			isa = XCRemoteSwiftPackageReference;
			repositoryURL = "https://github.com/grpc/grpc-swift";
			requirement = {
				kind = upToNextMajorVersion;
				minimumVersion = 1.0.0;
			};
		};
		C4880F1028B2A1220091B7C4 /* XCRemoteSwiftPackageReference "GoogleSignIn-iOS" */ = {
			isa = XCRemoteSwiftPackageReference;
			repositoryURL = "https://github.com/google/GoogleSignIn-iOS";
			requirement = {
				kind = upToNextMajorVersion;
				minimumVersion = 7.1.0;
			};
		};
		C4BE732A2A757C8800175BF3 /* XCRemoteSwiftPackageReference "grpc-swift" */ = {
			isa = XCRemoteSwiftPackageReference;
			repositoryURL = "https://github.com/grpc/grpc-swift";
			requirement = {
				kind = upToNextMajorVersion;
				minimumVersion = 1.23.0;
			};
		};
		C4C7A7E428A5A09E001CB803 /* XCRemoteSwiftPackageReference "firebase-ios-sdk" */ = {
			isa = XCRemoteSwiftPackageReference;
			repositoryURL = "https://github.com/firebase/firebase-ios-sdk.git";
			requirement = {
				kind = upToNextMajorVersion;
				minimumVersion = 10.26.0;
			};
		};
/* End XCRemoteSwiftPackageReference section */

/* Begin XCSwiftPackageProductDependency section */
		C448E6A22A75BC4100A18EBE /* FirebaseAuth */ = {
			isa = XCSwiftPackageProductDependency;
			package = C448E6A32A75BC4100A18EBE /* XCRemoteSwiftPackageReference "firebase-ios-sdk" */;
			productName = FirebaseAuth;
		};
		C448E6A42A75BC4100A18EBE /* FirebaseFirestore */ = {
			isa = XCSwiftPackageProductDependency;
			package = C448E6A32A75BC4100A18EBE /* XCRemoteSwiftPackageReference "firebase-ios-sdk" */;
			productName = FirebaseFirestore;
		};
		C448E6A52A75BC4100A18EBE /* FirebaseStorage */ = {
			isa = XCSwiftPackageProductDependency;
			package = C448E6A32A75BC4100A18EBE /* XCRemoteSwiftPackageReference "firebase-ios-sdk" */;
			productName = FirebaseStorage;
		};
		C448E6A62A75BC4100A18EBE /* GoogleSignIn */ = {
			isa = XCSwiftPackageProductDependency;
			package = C448E6A72A75BC4100A18EBE /* XCRemoteSwiftPackageReference "GoogleSignIn-iOS" */;
			productName = GoogleSignIn;
		};
		C448E6A82A75BC4100A18EBE /* GoogleSignInSwift */ = {
			isa = XCSwiftPackageProductDependency;
			package = C448E6A72A75BC4100A18EBE /* XCRemoteSwiftPackageReference "GoogleSignIn-iOS" */;
			productName = GoogleSignInSwift;
		};
		C448E6A92A75BC4100A18EBE /* GRPC */ = {
			isa = XCSwiftPackageProductDependency;
			package = C448E6AA2A75BC4100A18EBE /* XCRemoteSwiftPackageReference "grpc-swift" */;
			productName = GRPC;
		};
		C448E6AB2A75BC4100A18EBE /* protoc-gen-grpc-swift */ = {
			isa = XCSwiftPackageProductDependency;
			package = C448E6AA2A75BC4100A18EBE /* XCRemoteSwiftPackageReference "grpc-swift" */;
			productName = "protoc-gen-grpc-swift";
		};
		C4880F1128B2A1230091B7C4 /* GoogleSignIn */ = {
			isa = XCSwiftPackageProductDependency;
			package = C4880F1028B2A1220091B7C4 /* XCRemoteSwiftPackageReference "GoogleSignIn-iOS" */;
			productName = GoogleSignIn;
		};
		C4880F1328B2A1230091B7C4 /* GoogleSignInSwift */ = {
			isa = XCSwiftPackageProductDependency;
			package = C4880F1028B2A1220091B7C4 /* XCRemoteSwiftPackageReference "GoogleSignIn-iOS" */;
			productName = GoogleSignInSwift;
		};
		C4BE732D2A757C8800175BF3 /* GRPC */ = {
			isa = XCSwiftPackageProductDependency;
			package = C4BE732A2A757C8800175BF3 /* XCRemoteSwiftPackageReference "grpc-swift" */;
			productName = GRPC;
		};
		C4BE732F2A757C8800175BF3 /* protoc-gen-grpc-swift */ = {
			isa = XCSwiftPackageProductDependency;
			package = C4BE732A2A757C8800175BF3 /* XCRemoteSwiftPackageReference "grpc-swift" */;
			productName = "protoc-gen-grpc-swift";
		};
		C4C7A7E928A5A09E001CB803 /* FirebaseAuth */ = {
			isa = XCSwiftPackageProductDependency;
			package = C4C7A7E428A5A09E001CB803 /* XCRemoteSwiftPackageReference "firebase-ios-sdk" */;
			productName = FirebaseAuth;
		};
		C4C7A7EB28A5A09E001CB803 /* FirebaseFirestore */ = {
			isa = XCSwiftPackageProductDependency;
			package = C4C7A7E428A5A09E001CB803 /* XCRemoteSwiftPackageReference "firebase-ios-sdk" */;
			productName = FirebaseFirestore;
		};
		C4C7A7F128A5A09E001CB803 /* FirebaseStorage */ = {
			isa = XCSwiftPackageProductDependency;
			package = C4C7A7E428A5A09E001CB803 /* XCRemoteSwiftPackageReference "firebase-ios-sdk" */;
			productName = FirebaseStorage;
		};
/* End XCSwiftPackageProductDependency section */
	};
	rootObject = C4C7A7C628A528EB001CB803 /* Project object */;
}
